{
  "name": "clinic-landing",
  "version": "1.0.0",
  "lockfileVersion": 3,
  "requires": true,
  "packages": {
    "": {
      "name": "clinic-landing",
      "version": "1.0.0",
      "dependencies": {
        "@fontsource/inter": "^5.0.19",
        "@fontsource/oranienbaum": "^5.0.13",
        "normalize.css": "^8.0.1"
      }
    },
    "node_modules/@fontsource/inter": {
      "version": "5.0.19",
      "resolved": "https://registry.npmjs.org/@fontsource/inter/-/inter-5.0.19.tgz",
      "integrity": "sha512-tVU77yjKnsoUotrXGYbbYxmL9nbm/MSo3deZietmf8V2FEDlbi9fvkJHMrYbo7ZsOqR1AYBBqRYmemz4pSE5Mg=="
    },
    "node_modules/@fontsource/oranienbaum": {
      "version": "5.0.13",
      "resolved": "https://registry.npmjs.org/@fontsource/oranienbaum/-/oranienbaum-5.0.13.tgz",
      "integrity": "sha512-4MVck4kTv5D87YoycmkdMLjBdphqq49mov7i6XC2fQh+AQM2NFSI1JM81MdZTd9NN/GOX64Iacvg1phbk6pdfg=="
    },
    "node_modules/normalize.css": {
      "version": "8.0.1",
      "resolved": "https://registry.npmjs.org/normalize.css/-/normalize.css-8.0.1.tgz",
      "integrity": "sha512-qizSNPO93t1YUuUhP22btGOo3chcvDFqFaj2TRybP0DMxkHOCTYwp3n34fel4a31ORXy4m1Xq0Gyqpb5m33qIg=="
    }
  }
}
